// !$*UTF8*$!
{
	archiveVersion = 1;
	classes = {
	};
	objectVersion = 56;
	objects = {

/* Begin PBXBuildFile section */
		9A31A75028FFB32000863AFF /* SignInViewModel.swift in Sources */ = {isa = PBXBuildFile; fileRef = 9A31A74F28FFB32000863AFF /* SignInViewModel.swift */; };
		9A31A75428FFB80B00863AFF /* InventoryItem.swift in Sources */ = {isa = PBXBuildFile; fileRef = 9A31A75328FFB80B00863AFF /* InventoryItem.swift */; };
		9A31A75728FFC01700863AFF /* FirebaseFirestoreSwift in Frameworks */ = {isa = PBXBuildFile; productRef = 9A31A75628FFC01700863AFF /* FirebaseFirestoreSwift */; };
		9ABDC72E28F1B21E00F54C54 /* PlantryApp.swift in Sources */ = {isa = PBXBuildFile; fileRef = 9ABDC72D28F1B21E00F54C54 /* PlantryApp.swift */; };
		9ABDC73028F1B21E00F54C54 /* SignInView.swift in Sources */ = {isa = PBXBuildFile; fileRef = 9ABDC72F28F1B21E00F54C54 /* SignInView.swift */; };
		9ABDC73228F1B22000F54C54 /* Assets.xcassets in Resources */ = {isa = PBXBuildFile; fileRef = 9ABDC73128F1B22000F54C54 /* Assets.xcassets */; };
		9ABDC73528F1B22000F54C54 /* Preview Assets.xcassets in Resources */ = {isa = PBXBuildFile; fileRef = 9ABDC73428F1B22000F54C54 /* Preview Assets.xcassets */; };
		9ABDC73D28F1CC1500F54C54 /* FirebaseAuth in Frameworks */ = {isa = PBXBuildFile; productRef = 9ABDC73C28F1CC1500F54C54 /* FirebaseAuth */; };
		9ABDC73F28F1CC1500F54C54 /* FirebaseFirestore in Frameworks */ = {isa = PBXBuildFile; productRef = 9ABDC73E28F1CC1500F54C54 /* FirebaseFirestore */; };
		9ABDC74128F1CDE700F54C54 /* GoogleService-Info.plist in Resources */ = {isa = PBXBuildFile; fileRef = 9ABDC74028F1CDE700F54C54 /* GoogleService-Info.plist */; };
/* End PBXBuildFile section */

/* Begin PBXFileReference section */
		9A31A74F28FFB32000863AFF /* SignInViewModel.swift */ = {isa = PBXFileReference; lastKnownFileType = sourcecode.swift; path = SignInViewModel.swift; sourceTree = "<group>"; };
		9A31A75328FFB80B00863AFF /* InventoryItem.swift */ = {isa = PBXFileReference; lastKnownFileType = sourcecode.swift; path = InventoryItem.swift; sourceTree = "<group>"; };
		9ABDC72A28F1B21E00F54C54 /* Plantry.app */ = {isa = PBXFileReference; explicitFileType = wrapper.application; includeInIndex = 0; path = Plantry.app; sourceTree = BUILT_PRODUCTS_DIR; };
		9ABDC72D28F1B21E00F54C54 /* PlantryApp.swift */ = {isa = PBXFileReference; lastKnownFileType = sourcecode.swift; path = PlantryApp.swift; sourceTree = "<group>"; };
		9ABDC72F28F1B21E00F54C54 /* SignInView.swift */ = {isa = PBXFileReference; lastKnownFileType = sourcecode.swift; path = SignInView.swift; sourceTree = "<group>"; };
		9ABDC73128F1B22000F54C54 /* Assets.xcassets */ = {isa = PBXFileReference; lastKnownFileType = folder.assetcatalog; path = Assets.xcassets; sourceTree = "<group>"; };
		9ABDC73428F1B22000F54C54 /* Preview Assets.xcassets */ = {isa = PBXFileReference; lastKnownFileType = folder.assetcatalog; path = "Preview Assets.xcassets"; sourceTree = "<group>"; };
		9ABDC74028F1CDE700F54C54 /* GoogleService-Info.plist */ = {isa = PBXFileReference; fileEncoding = 4; lastKnownFileType = text.plist.xml; path = "GoogleService-Info.plist"; sourceTree = "<group>"; };
/* End PBXFileReference section */

/* Begin PBXFrameworksBuildPhase section */
		9ABDC72728F1B21E00F54C54 /* Frameworks */ = {
			isa = PBXFrameworksBuildPhase;
			buildActionMask = 2147483647;
			files = (
				9ABDC73D28F1CC1500F54C54 /* FirebaseAuth in Frameworks */,
				9ABDC73F28F1CC1500F54C54 /* FirebaseFirestore in Frameworks */,
				9A31A75728FFC01700863AFF /* FirebaseFirestoreSwift in Frameworks */,
			);
			runOnlyForDeploymentPostprocessing = 0;
		};
/* End PBXFrameworksBuildPhase section */

/* Begin PBXGroup section */
		9A31A74E28FFB2FD00863AFF /* ViewModels */ = {
			isa = PBXGroup;
			children = (
				9A31A74F28FFB32000863AFF /* SignInViewModel.swift */,
			);
			path = ViewModels;
			sourceTree = "<group>";
		};
		9A31A75128FFB68200863AFF /* Views */ = {
			isa = PBXGroup;
			children = (
				9ABDC72F28F1B21E00F54C54 /* SignInView.swift */,
			);
			path = Views;
			sourceTree = "<group>";
		};
		9A31A75228FFB7D300863AFF /* Models */ = {
			isa = PBXGroup;
			children = (
				9A31A75328FFB80B00863AFF /* InventoryItem.swift */,
			);
			path = Models;
			sourceTree = "<group>";
		};
		9A31A75528FFC01700863AFF /* Frameworks */ = {
			isa = PBXGroup;
			children = (
			);
			name = Frameworks;
			sourceTree = "<group>";
		};
		9ABDC72128F1B21E00F54C54 = {
			isa = PBXGroup;
			children = (
				9ABDC72C28F1B21E00F54C54 /* Plantry */,
				9ABDC72B28F1B21E00F54C54 /* Products */,
				9A31A75528FFC01700863AFF /* Frameworks */,
			);
			sourceTree = "<group>";
		};
		9ABDC72B28F1B21E00F54C54 /* Products */ = {
			isa = PBXGroup;
			children = (
				9ABDC72A28F1B21E00F54C54 /* Plantry.app */,
			);
			name = Products;
			sourceTree = "<group>";
		};
		9ABDC72C28F1B21E00F54C54 /* Plantry */ = {
			isa = PBXGroup;
			children = (
				9A31A75228FFB7D300863AFF /* Models */,
				9A31A74E28FFB2FD00863AFF /* ViewModels */,
				9ABDC72D28F1B21E00F54C54 /* PlantryApp.swift */,
				9A31A75128FFB68200863AFF /* Views */,
				9ABDC73128F1B22000F54C54 /* Assets.xcassets */,
				9ABDC74028F1CDE700F54C54 /* GoogleService-Info.plist */,
				9ABDC73328F1B22000F54C54 /* Preview Content */,
			);
			path = Plantry;
			sourceTree = "<group>";
		};
		9ABDC73328F1B22000F54C54 /* Preview Content */ = {
			isa = PBXGroup;
			children = (
				9ABDC73428F1B22000F54C54 /* Preview Assets.xcassets */,
			);
			path = "Preview Content";
			sourceTree = "<group>";
		};
/* End PBXGroup section */

/* Begin PBXNativeTarget section */
		9ABDC72928F1B21E00F54C54 /* Plantry */ = {
			isa = PBXNativeTarget;
			buildConfigurationList = 9ABDC73828F1B22000F54C54 /* Build configuration list for PBXNativeTarget "Plantry" */;
			buildPhases = (
				9ABDC72628F1B21E00F54C54 /* Sources */,
				9ABDC72728F1B21E00F54C54 /* Frameworks */,
				9ABDC72828F1B21E00F54C54 /* Resources */,
			);
			buildRules = (
			);
			dependencies = (
			);
			name = Plantry;
			packageProductDependencies = (
				9ABDC73C28F1CC1500F54C54 /* FirebaseAuth */,
				9ABDC73E28F1CC1500F54C54 /* FirebaseFirestore */,
				9A31A75628FFC01700863AFF /* FirebaseFirestoreSwift */,
			);
			productName = Plantry;
			productReference = 9ABDC72A28F1B21E00F54C54 /* Plantry.app */;
			productType = "com.apple.product-type.application";
		};
/* End PBXNativeTarget section */

/* Begin PBXProject section */
		9ABDC72228F1B21E00F54C54 /* Project object */ = {
			isa = PBXProject;
			attributes = {
				BuildIndependentTargetsInParallel = 1;
				LastSwiftUpdateCheck = 1400;
				LastUpgradeCheck = 1400;
				TargetAttributes = {
					9ABDC72928F1B21E00F54C54 = {
						CreatedOnToolsVersion = 14.0.1;
					};
				};
			};
			buildConfigurationList = 9ABDC72528F1B21E00F54C54 /* Build configuration list for PBXProject "Plantry" */;
			compatibilityVersion = "Xcode 14.0";
			developmentRegion = en;
			hasScannedForEncodings = 0;
			knownRegions = (
				en,
				Base,
			);
			mainGroup = 9ABDC72128F1B21E00F54C54;
			packageReferences = (
				9ABDC73B28F1CC1500F54C54 /* XCRemoteSwiftPackageReference "firebase-ios-sdk" */,
			);
			productRefGroup = 9ABDC72B28F1B21E00F54C54 /* Products */;
			projectDirPath = "";
			projectRoot = "";
			targets = (
				9ABDC72928F1B21E00F54C54 /* Plantry */,
			);
		};
/* End PBXProject section */

/* Begin PBXResourcesBuildPhase section */
		9ABDC72828F1B21E00F54C54 /* Resources */ = {
			isa = PBXResourcesBuildPhase;
			buildActionMask = 2147483647;
			files = (
				9ABDC73528F1B22000F54C54 /* Preview Assets.xcassets in Resources */,
				9ABDC73228F1B22000F54C54 /* Assets.xcassets in Resources */,
				9ABDC74128F1CDE700F54C54 /* GoogleService-Info.plist in Resources */,
			);
			runOnlyForDeploymentPostprocessing = 0;
		};
/* End PBXResourcesBuildPhase section */

/* Begin PBXSourcesBuildPhase section */
		9ABDC72628F1B21E00F54C54 /* Sources */ = {
			isa = PBXSourcesBuildPhase;
			buildActionMask = 2147483647;
			files = (
				9ABDC73028F1B21E00F54C54 /* SignInView.swift in Sources */,
				9ABDC72E28F1B21E00F54C54 /* PlantryApp.swift in Sources */,
				9A31A75028FFB32000863AFF /* SignInViewModel.swift in Sources */,
				9A31A75428FFB80B00863AFF /* InventoryItem.swift in Sources */,
			);
			runOnlyForDeploymentPostprocessing = 0;
		};
/* End PBXSourcesBuildPhase section */

/* Begin XCBuildConfiguration section */
		9ABDC73628F1B22000F54C54 /* Debug */ = {
			isa = XCBuildConfiguration;
			buildSettings = {
				ALWAYS_SEARCH_USER_PATHS = NO;
				CLANG_ANALYZER_NONNULL = YES;
				CLANG_ANALYZER_NUMBER_OBJECT_CONVERSION = YES_AGGRESSIVE;
				CLANG_CXX_LANGUAGE_STANDARD = "gnu++20";
				CLANG_ENABLE_MODULES = YES;
				CLANG_ENABLE_OBJC_ARC = YES;
				CLANG_ENABLE_OBJC_WEAK = YES;
				CLANG_WARN_BLOCK_CAPTURE_AUTORELEASING = YES;
				CLANG_WARN_BOOL_CONVERSION = YES;
				CLANG_WARN_COMMA = YES;
				CLANG_WARN_CONSTANT_CONVERSION = YES;
				CLANG_WARN_DEPRECATED_OBJC_IMPLEMENTATIONS = YES;
				CLANG_WARN_DIRECT_OBJC_ISA_USAGE = YES_ERROR;
				CLANG_WARN_DOCUMENTATION_COMMENTS = YES;
				CLANG_WARN_EMPTY_BODY = YES;
				CLANG_WARN_ENUM_CONVERSION = YES;
				CLANG_WARN_INFINITE_RECURSION = YES;
				CLANG_WARN_INT_CONVERSION = YES;
				CLANG_WARN_NON_LITERAL_NULL_CONVERSION = YES;
				CLANG_WARN_OBJC_IMPLICIT_RETAIN_SELF = YES;
				CLANG_WARN_OBJC_LITERAL_CONVERSION = YES;
				CLANG_WARN_OBJC_ROOT_CLASS = YES_ERROR;
				CLANG_WARN_QUOTED_INCLUDE_IN_FRAMEWORK_HEADER = YES;
				CLANG_WARN_RANGE_LOOP_ANALYSIS = YES;
				CLANG_WARN_STRICT_PROTOTYPES = YES;
				CLANG_WARN_SUSPICIOUS_MOVE = YES;
				CLANG_WARN_UNGUARDED_AVAILABILITY = YES_AGGRESSIVE;
				CLANG_WARN_UNREACHABLE_CODE = YES;
				CLANG_WARN__DUPLICATE_METHOD_MATCH = YES;
				COPY_PHASE_STRIP = NO;
				DEBUG_INFORMATION_FORMAT = dwarf;
				ENABLE_STRICT_OBJC_MSGSEND = YES;
				ENABLE_TESTABILITY = YES;
				GCC_C_LANGUAGE_STANDARD = gnu11;
				GCC_DYNAMIC_NO_PIC = NO;
				GCC_NO_COMMON_BLOCKS = YES;
				GCC_OPTIMIZATION_LEVEL = 0;
				GCC_PREPROCESSOR_DEFINITIONS = (
					"DEBUG=1",
					"$(inherited)",
				);
				GCC_WARN_64_TO_32_BIT_CONVERSION = YES;
				GCC_WARN_ABOUT_RETURN_TYPE = YES_ERROR;
				GCC_WARN_UNDECLARED_SELECTOR = YES;
				GCC_WARN_UNINITIALIZED_AUTOS = YES_AGGRESSIVE;
				GCC_WARN_UNUSED_FUNCTION = YES;
				GCC_WARN_UNUSED_VARIABLE = YES;
				IPHONEOS_DEPLOYMENT_TARGET = 16.0;
				MTL_ENABLE_DEBUG_INFO = INCLUDE_SOURCE;
				MTL_FAST_MATH = YES;
				ONLY_ACTIVE_ARCH = YES;
				SDKROOT = iphoneos;
				SWIFT_ACTIVE_COMPILATION_CONDITIONS = DEBUG;
				SWIFT_OPTIMIZATION_LEVEL = "-Onone";
			};
			name = Debug;
		};
		9ABDC73728F1B22000F54C54 /* Release */ = {
			isa = XCBuildConfiguration;
			buildSettings = {
				ALWAYS_SEARCH_USER_PATHS = NO;
				CLANG_ANALYZER_NONNULL = YES;
				CLANG_ANALYZER_NUMBER_OBJECT_CONVERSION = YES_AGGRESSIVE;
				CLANG_CXX_LANGUAGE_STANDARD = "gnu++20";
				CLANG_ENABLE_MODULES = YES;
				CLANG_ENABLE_OBJC_ARC = YES;
				CLANG_ENABLE_OBJC_WEAK = YES;
				CLANG_WARN_BLOCK_CAPTURE_AUTORELEASING = YES;
				CLANG_WARN_BOOL_CONVERSION = YES;
				CLANG_WARN_COMMA = YES;
				CLANG_WARN_CONSTANT_CONVERSION = YES;
				CLANG_WARN_DEPRECATED_OBJC_IMPLEMENTATIONS = YES;
				CLANG_WARN_DIRECT_OBJC_ISA_USAGE = YES_ERROR;
				CLANG_WARN_DOCUMENTATION_COMMENTS = YES;
				CLANG_WARN_EMPTY_BODY = YES;
				CLANG_WARN_ENUM_CONVERSION = YES;
				CLANG_WARN_INFINITE_RECURSION = YES;
				CLANG_WARN_INT_CONVERSION = YES;
				CLANG_WARN_NON_LITERAL_NULL_CONVERSION = YES;
				CLANG_WARN_OBJC_IMPLICIT_RETAIN_SELF = YES;
				CLANG_WARN_OBJC_LITERAL_CONVERSION = YES;
				CLANG_WARN_OBJC_ROOT_CLASS = YES_ERROR;
				CLANG_WARN_QUOTED_INCLUDE_IN_FRAMEWORK_HEADER = YES;
				CLANG_WARN_RANGE_LOOP_ANALYSIS = YES;
				CLANG_WARN_STRICT_PROTOTYPES = YES;
				CLANG_WARN_SUSPICIOUS_MOVE = YES;
				CLANG_WARN_UNGUARDED_AVAILABILITY = YES_AGGRESSIVE;
				CLANG_WARN_UNREACHABLE_CODE = YES;
				CLANG_WARN__DUPLICATE_METHOD_MATCH = YES;
				COPY_PHASE_STRIP = NO;
				DEBUG_INFORMATION_FORMAT = "dwarf-with-dsym";
				ENABLE_NS_ASSERTIONS = NO;
				ENABLE_STRICT_OBJC_MSGSEND = YES;
				GCC_C_LANGUAGE_STANDARD = gnu11;
				GCC_NO_COMMON_BLOCKS = YES;
				GCC_WARN_64_TO_32_BIT_CONVERSION = YES;
				GCC_WARN_ABOUT_RETURN_TYPE = YES_ERROR;
				GCC_WARN_UNDECLARED_SELECTOR = YES;
				GCC_WARN_UNINITIALIZED_AUTOS = YES_AGGRESSIVE;
				GCC_WARN_UNUSED_FUNCTION = YES;
				GCC_WARN_UNUSED_VARIABLE = YES;
				IPHONEOS_DEPLOYMENT_TARGET = 16.0;
				MTL_ENABLE_DEBUG_INFO = NO;
				MTL_FAST_MATH = YES;
				SDKROOT = iphoneos;
				SWIFT_COMPILATION_MODE = wholemodule;
				SWIFT_OPTIMIZATION_LEVEL = "-O";
				VALIDATE_PRODUCT = YES;
			};
			name = Release;
		};
		9ABDC73928F1B22000F54C54 /* Debug */ = {
			isa = XCBuildConfiguration;
			buildSettings = {
				ASSETCATALOG_COMPILER_APPICON_NAME = AppIcon;
				ASSETCATALOG_COMPILER_GLOBAL_ACCENT_COLOR_NAME = AccentColor;
				CODE_SIGN_STYLE = Automatic;
				CURRENT_PROJECT_VERSION = 1;
				DEVELOPMENT_ASSET_PATHS = "\"Plantry/Preview Content\"";
				DEVELOPMENT_TEAM = WCS7966SP5;
				ENABLE_PREVIEWS = YES;
				GENERATE_INFOPLIST_FILE = YES;
				INFOPLIST_KEY_UIApplicationSceneManifest_Generation = YES;
				INFOPLIST_KEY_UIApplicationSupportsIndirectInputEvents = YES;
				INFOPLIST_KEY_UILaunchScreen_Generation = YES;
				INFOPLIST_KEY_UISupportedInterfaceOrientations_iPad = "UIInterfaceOrientationPortrait UIInterfaceOrientationPortraitUpsideDown UIInterfaceOrientationLandscapeLeft UIInterfaceOrientationLandscapeRight";
				INFOPLIST_KEY_UISupportedInterfaceOrientations_iPhone = "UIInterfaceOrientationPortrait UIInterfaceOrientationLandscapeLeft UIInterfaceOrientationLandscapeRight";
				LD_RUNPATH_SEARCH_PATHS = (
					"$(inherited)",
					"@executable_path/Frameworks",
				);
				MARKETING_VERSION = 1.0;
				PRODUCT_BUNDLE_IDENTIFIER = com.hanscodes.Plantry;
				PRODUCT_NAME = "$(TARGET_NAME)";
				SWIFT_EMIT_LOC_STRINGS = YES;
				SWIFT_VERSION = 5.0;
				TARGETED_DEVICE_FAMILY = "1,2";
			};
			name = Debug;
		};
		9ABDC73A28F1B22000F54C54 /* Release */ = {
			isa = XCBuildConfiguration;
			buildSettings = {
				ASSETCATALOG_COMPILER_APPICON_NAME = AppIcon;
				ASSETCATALOG_COMPILER_GLOBAL_ACCENT_COLOR_NAME = AccentColor;
				CODE_SIGN_STYLE = Automatic;
				CURRENT_PROJECT_VERSION = 1;
				DEVELOPMENT_ASSET_PATHS = "\"Plantry/Preview Content\"";
				DEVELOPMENT_TEAM = WCS7966SP5;
				ENABLE_PREVIEWS = YES;
				GENERATE_INFOPLIST_FILE = YES;
				INFOPLIST_KEY_UIApplicationSceneManifest_Generation = YES;
				INFOPLIST_KEY_UIApplicationSupportsIndirectInputEvents = YES;
				INFOPLIST_KEY_UILaunchScreen_Generation = YES;
				INFOPLIST_KEY_UISupportedInterfaceOrientations_iPad = "UIInterfaceOrientationPortrait UIInterfaceOrientationPortraitUpsideDown UIInterfaceOrientationLandscapeLeft UIInterfaceOrientationLandscapeRight";
				INFOPLIST_KEY_UISupportedInterfaceOrientations_iPhone = "UIInterfaceOrientationPortrait UIInterfaceOrientationLandscapeLeft UIInterfaceOrientationLandscapeRight";
				LD_RUNPATH_SEARCH_PATHS = (
					"$(inherited)",
					"@executable_path/Frameworks",
				);
				MARKETING_VERSION = 1.0;
				PRODUCT_BUNDLE_IDENTIFIER = com.hanscodes.Plantry;
				PRODUCT_NAME = "$(TARGET_NAME)";
				SWIFT_EMIT_LOC_STRINGS = YES;
				SWIFT_VERSION = 5.0;
				TARGETED_DEVICE_FAMILY = "1,2";
			};
			name = Release;
		};
/* End XCBuildConfiguration section */

/* Begin XCConfigurationList section */
		9ABDC72528F1B21E00F54C54 /* Build configuration list for PBXProject "Plantry" */ = {
			isa = XCConfigurationList;
			buildConfigurations = (
				9ABDC73628F1B22000F54C54 /* Debug */,
				9ABDC73728F1B22000F54C54 /* Release */,
			);
			defaultConfigurationIsVisible = 0;
			defaultConfigurationName = Release;
		};
		9ABDC73828F1B22000F54C54 /* Build configuration list for PBXNativeTarget "Plantry" */ = {
			isa = XCConfigurationList;
			buildConfigurations = (
				9ABDC73928F1B22000F54C54 /* Debug */,
				9ABDC73A28F1B22000F54C54 /* Release */,
			);
			defaultConfigurationIsVisible = 0;
			defaultConfigurationName = Release;
		};
/* End XCConfigurationList section */

/* Begin XCRemoteSwiftPackageReference section */
		9ABDC73B28F1CC1500F54C54 /* XCRemoteSwiftPackageReference "firebase-ios-sdk" */ = {
			isa = XCRemoteSwiftPackageReference;
			repositoryURL = "https://github.com/firebase/firebase-ios-sdk.git";
			requirement = {
				kind = upToNextMajorVersion;
				minimumVersion = 9.0.0;
			};
		};
/* End XCRemoteSwiftPackageReference section */

/* Begin XCSwiftPackageProductDependency section */
		9A31A75628FFC01700863AFF /* FirebaseFirestoreSwift */ = {
			isa = XCSwiftPackageProductDependency;
			package = 9ABDC73B28F1CC1500F54C54 /* XCRemoteSwiftPackageReference "firebase-ios-sdk" */;
			productName = FirebaseFirestoreSwift;
		};
		9ABDC73C28F1CC1500F54C54 /* FirebaseAuth */ = {
			isa = XCSwiftPackageProductDependency;
			package = 9ABDC73B28F1CC1500F54C54 /* XCRemoteSwiftPackageReference "firebase-ios-sdk" */;
			productName = FirebaseAuth;
		};
		9ABDC73E28F1CC1500F54C54 /* FirebaseFirestore */ = {
			isa = XCSwiftPackageProductDependency;
			package = 9ABDC73B28F1CC1500F54C54 /* XCRemoteSwiftPackageReference "firebase-ios-sdk" */;
			productName = FirebaseFirestore;
		};
/* End XCSwiftPackageProductDependency section */
	};
	rootObject = 9ABDC72228F1B21E00F54C54 /* Project object */;
}
